// !$*UTF8*$!
{
	archiveVersion = 1;
	classes = {
	};
	objectVersion = 46;
	objects = {

/* Begin PBXBuildFile section */
		768677A71CE891E100467A2F /* main.m in Sources */ = {isa = PBXBuildFile; fileRef = 768677A61CE891E100467A2F /* main.m */; };
		768677AA1CE891E100467A2F /* AppDelegate.m in Sources */ = {isa = PBXBuildFile; fileRef = 768677A91CE891E100467A2F /* AppDelegate.m */; };
		768677AD1CE891E100467A2F /* ViewController.m in Sources */ = {isa = PBXBuildFile; fileRef = 768677AC1CE891E100467A2F /* ViewController.m */; };
		768677B01CE891E100467A2F /* Main.storyboard in Resources */ = {isa = PBXBuildFile; fileRef = 768677AE1CE891E100467A2F /* Main.storyboard */; };
		768677B21CE891E100467A2F /* Assets.xcassets in Resources */ = {isa = PBXBuildFile; fileRef = 768677B11CE891E100467A2F /* Assets.xcassets */; };
		768677B51CE891E100467A2F /* LaunchScreen.storyboard in Resources */ = {isa = PBXBuildFile; fileRef = 768677B31CE891E100467A2F /* LaunchScreen.storyboard */; };
		768677C01CE891E200467A2F /* LCBlurDemoTests.m in Sources */ = {isa = PBXBuildFile; fileRef = 768677BF1CE891E200467A2F /* LCBlurDemoTests.m */; };
		768677CB1CE891E200467A2F /* LCBlurDemoUITests.m in Sources */ = {isa = PBXBuildFile; fileRef = 768677CA1CE891E200467A2F /* LCBlurDemoUITests.m */; };
		768677DB1CE8923800467A2F /* UIView+LCBlur.m in Sources */ = {isa = PBXBuildFile; fileRef = 768677DA1CE8923800467A2F /* UIView+LCBlur.m */; };
/* End PBXBuildFile section */

/* Begin PBXContainerItemProxy section */
		768677BC1CE891E200467A2F /* PBXContainerItemProxy */ = {
			isa = PBXContainerItemProxy;
			containerPortal = 7686779A1CE891E100467A2F /* Project object */;
			proxyType = 1;
			remoteGlobalIDString = 768677A11CE891E100467A2F;
			remoteInfo = LCBlurDemo;
		};
		768677C71CE891E200467A2F /* PBXContainerItemProxy */ = {
			isa = PBXContainerItemProxy;
			containerPortal = 7686779A1CE891E100467A2F /* Project object */;
			proxyType = 1;
			remoteGlobalIDString = 768677A11CE891E100467A2F;
			remoteInfo = LCBlurDemo;
		};
/* End PBXContainerItemProxy section */

/* Begin PBXFileReference section */
		768677A21CE891E100467A2F /* LCBlurDemo.app */ = {isa = PBXFileReference; explicitFileType = wrapper.application; includeInIndex = 0; path = LCBlurDemo.app; sourceTree = BUILT_PRODUCTS_DIR; };
		768677A61CE891E100467A2F /* main.m */ = {isa = PBXFileReference; lastKnownFileType = sourcecode.c.objc; path = main.m; sourceTree = "<group>"; };
		768677A81CE891E100467A2F /* AppDelegate.h */ = {isa = PBXFileReference; lastKnownFileType = sourcecode.c.h; path = AppDelegate.h; sourceTree = "<group>"; };
		768677A91CE891E100467A2F /* AppDelegate.m */ = {isa = PBXFileReference; lastKnownFileType = sourcecode.c.objc; path = AppDelegate.m; sourceTree = "<group>"; };
		768677AB1CE891E100467A2F /* ViewController.h */ = {isa = PBXFileReference; lastKnownFileType = sourcecode.c.h; path = ViewController.h; sourceTree = "<group>"; };
		768677AC1CE891E100467A2F /* ViewController.m */ = {isa = PBXFileReference; lastKnownFileType = sourcecode.c.objc; path = ViewController.m; sourceTree = "<group>"; };
		768677AF1CE891E100467A2F /* Base */ = {isa = PBXFileReference; lastKnownFileType = file.storyboard; name = Base; path = Base.lproj/Main.storyboard; sourceTree = "<group>"; };
		768677B11CE891E100467A2F /* Assets.xcassets */ = {isa = PBXFileReference; lastKnownFileType = folder.assetcatalog; path = Assets.xcassets; sourceTree = "<group>"; };
		768677B41CE891E100467A2F /* Base */ = {isa = PBXFileReference; lastKnownFileType = file.storyboard; name = Base; path = Base.lproj/LaunchScreen.storyboard; sourceTree = "<group>"; };
		768677B61CE891E100467A2F /* Info.plist */ = {isa = PBXFileReference; lastKnownFileType = text.plist.xml; path = Info.plist; sourceTree = "<group>"; };
		768677BB1CE891E200467A2F /* LCBlurDemoTests.xctest */ = {isa = PBXFileReference; explicitFileType = wrapper.cfbundle; includeInIndex = 0; path = LCBlurDemoTests.xctest; sourceTree = BUILT_PRODUCTS_DIR; };
		768677BF1CE891E200467A2F /* LCBlurDemoTests.m */ = {isa = PBXFileReference; lastKnownFileType = sourcecode.c.objc; path = LCBlurDemoTests.m; sourceTree = "<group>"; };
		768677C11CE891E200467A2F /* Info.plist */ = {isa = PBXFileReference; lastKnownFileType = text.plist.xml; path = Info.plist; sourceTree = "<group>"; };
		768677C61CE891E200467A2F /* LCBlurDemoUITests.xctest */ = {isa = PBXFileReference; explicitFileType = wrapper.cfbundle; includeInIndex = 0; path = LCBlurDemoUITests.xctest; sourceTree = BUILT_PRODUCTS_DIR; };
		768677CA1CE891E200467A2F /* LCBlurDemoUITests.m */ = {isa = PBXFileReference; lastKnownFileType = sourcecode.c.objc; path = LCBlurDemoUITests.m; sourceTree = "<group>"; };
		768677CC1CE891E200467A2F /* Info.plist */ = {isa = PBXFileReference; lastKnownFileType = text.plist.xml; path = Info.plist; sourceTree = "<group>"; };
		768677D91CE8923800467A2F /* UIView+LCBlur.h */ = {isa = PBXFileReference; fileEncoding = 4; lastKnownFileType = sourcecode.c.h; path = "UIView+LCBlur.h"; sourceTree = "<group>"; };
		768677DA1CE8923800467A2F /* UIView+LCBlur.m */ = {isa = PBXFileReference; fileEncoding = 4; lastKnownFileType = sourcecode.c.objc; path = "UIView+LCBlur.m"; sourceTree = "<group>"; };
		768677DC1CE8936B00467A2F /* LCBlur.h */ = {isa = PBXFileReference; lastKnownFileType = sourcecode.c.h; path = LCBlur.h; sourceTree = "<group>"; };
/* End PBXFileReference section */

/* Begin PBXFrameworksBuildPhase section */
		7686779F1CE891E100467A2F /* Frameworks */ = {
			isa = PBXFrameworksBuildPhase;
			buildActionMask = 2147483647;
			files = (
			);
			runOnlyForDeploymentPostprocessing = 0;
		};
		768677B81CE891E200467A2F /* Frameworks */ = {
			isa = PBXFrameworksBuildPhase;
			buildActionMask = 2147483647;
			files = (
			);
			runOnlyForDeploymentPostprocessing = 0;
		};
		768677C31CE891E200467A2F /* Frameworks */ = {
			isa = PBXFrameworksBuildPhase;
			buildActionMask = 2147483647;
			files = (
			);
			runOnlyForDeploymentPostprocessing = 0;
		};
/* End PBXFrameworksBuildPhase section */

/* Begin PBXGroup section */
		768677991CE891E100467A2F = {
			isa = PBXGroup;
			children = (
				768677D81CE8921D00467A2F /* LCBlur */,
				768677A41CE891E100467A2F /* LCBlurDemo */,
				768677BE1CE891E200467A2F /* LCBlurDemoTests */,
				768677C91CE891E200467A2F /* LCBlurDemoUITests */,
				768677A31CE891E100467A2F /* Products */,
			);
			sourceTree = "<group>";
		};
		768677A31CE891E100467A2F /* Products */ = {
			isa = PBXGroup;
			children = (
				768677A21CE891E100467A2F /* LCBlurDemo.app */,
				768677BB1CE891E200467A2F /* LCBlurDemoTests.xctest */,
				768677C61CE891E200467A2F /* LCBlurDemoUITests.xctest */,
			);
			name = Products;
			sourceTree = "<group>";
		};
		768677A41CE891E100467A2F /* LCBlurDemo */ = {
			isa = PBXGroup;
			children = (
				768677A81CE891E100467A2F /* AppDelegate.h */,
				768677A91CE891E100467A2F /* AppDelegate.m */,
				768677AB1CE891E100467A2F /* ViewController.h */,
				768677AC1CE891E100467A2F /* ViewController.m */,
				768677AE1CE891E100467A2F /* Main.storyboard */,
				768677B11CE891E100467A2F /* Assets.xcassets */,
				768677B31CE891E100467A2F /* LaunchScreen.storyboard */,
				768677B61CE891E100467A2F /* Info.plist */,
				768677A51CE891E100467A2F /* Supporting Files */,
			);
			path = LCBlurDemo;
			sourceTree = "<group>";
		};
		768677A51CE891E100467A2F /* Supporting Files */ = {
			isa = PBXGroup;
			children = (
				768677A61CE891E100467A2F /* main.m */,
			);
			name = "Supporting Files";
			sourceTree = "<group>";
		};
		768677BE1CE891E200467A2F /* LCBlurDemoTests */ = {
			isa = PBXGroup;
			children = (
				768677BF1CE891E200467A2F /* LCBlurDemoTests.m */,
				768677C11CE891E200467A2F /* Info.plist */,
			);
			path = LCBlurDemoTests;
			sourceTree = "<group>";
		};
		768677C91CE891E200467A2F /* LCBlurDemoUITests */ = {
			isa = PBXGroup;
			children = (
				768677CA1CE891E200467A2F /* LCBlurDemoUITests.m */,
				768677CC1CE891E200467A2F /* Info.plist */,
			);
			path = LCBlurDemoUITests;
			sourceTree = "<group>";
		};
		768677D81CE8921D00467A2F /* LCBlur */ = {
			isa = PBXGroup;
			children = (
				768677DC1CE8936B00467A2F /* LCBlur.h */,
				768677D91CE8923800467A2F /* UIView+LCBlur.h */,
				768677DA1CE8923800467A2F /* UIView+LCBlur.m */,
			);
			path = LCBlur;
			sourceTree = "<group>";
		};
/* End PBXGroup section */

/* Begin PBXNativeTarget section */
		768677A11CE891E100467A2F /* LCBlurDemo */ = {
			isa = PBXNativeTarget;
			buildConfigurationList = 768677CF1CE891E200467A2F /* Build configuration list for PBXNativeTarget "LCBlurDemo" */;
			buildPhases = (
				7686779E1CE891E100467A2F /* Sources */,
				7686779F1CE891E100467A2F /* Frameworks */,
				768677A01CE891E100467A2F /* Resources */,
			);
			buildRules = (
			);
			dependencies = (
			);
			name = LCBlurDemo;
			productName = LCBlurDemo;
			productReference = 768677A21CE891E100467A2F /* LCBlurDemo.app */;
			productType = "com.apple.product-type.application";
		};
		768677BA1CE891E200467A2F /* LCBlurDemoTests */ = {
			isa = PBXNativeTarget;
			buildConfigurationList = 768677D21CE891E200467A2F /* Build configuration list for PBXNativeTarget "LCBlurDemoTests" */;
			buildPhases = (
				768677B71CE891E200467A2F /* Sources */,
				768677B81CE891E200467A2F /* Frameworks */,
				768677B91CE891E200467A2F /* Resources */,
			);
			buildRules = (
			);
			dependencies = (
				768677BD1CE891E200467A2F /* PBXTargetDependency */,
			);
			name = LCBlurDemoTests;
			productName = LCBlurDemoTests;
			productReference = 768677BB1CE891E200467A2F /* LCBlurDemoTests.xctest */;
			productType = "com.apple.product-type.bundle.unit-test";
		};
		768677C51CE891E200467A2F /* LCBlurDemoUITests */ = {
			isa = PBXNativeTarget;
			buildConfigurationList = 768677D51CE891E200467A2F /* Build configuration list for PBXNativeTarget "LCBlurDemoUITests" */;
			buildPhases = (
				768677C21CE891E200467A2F /* Sources */,
				768677C31CE891E200467A2F /* Frameworks */,
				768677C41CE891E200467A2F /* Resources */,
			);
			buildRules = (
			);
			dependencies = (
				768677C81CE891E200467A2F /* PBXTargetDependency */,
			);
			name = LCBlurDemoUITests;
			productName = LCBlurDemoUITests;
			productReference = 768677C61CE891E200467A2F /* LCBlurDemoUITests.xctest */;
			productType = "com.apple.product-type.bundle.ui-testing";
		};
/* End PBXNativeTarget section */

/* Begin PBXProject section */
		7686779A1CE891E100467A2F /* Project object */ = {
			isa = PBXProject;
			attributes = {
				LastUpgradeCheck = 0730;
				ORGANIZATIONNAME = "Leo（http://LeoDev.me）";
				TargetAttributes = {
					768677A11CE891E100467A2F = {
						CreatedOnToolsVersion = 7.3.1;
					};
					768677BA1CE891E200467A2F = {
						CreatedOnToolsVersion = 7.3.1;
						TestTargetID = 768677A11CE891E100467A2F;
					};
					768677C51CE891E200467A2F = {
						CreatedOnToolsVersion = 7.3.1;
						TestTargetID = 768677A11CE891E100467A2F;
					};
				};
			};
			buildConfigurationList = 7686779D1CE891E100467A2F /* Build configuration list for PBXProject "LCBlurDemo" */;
			compatibilityVersion = "Xcode 3.2";
			developmentRegion = English;
			hasScannedForEncodings = 0;
			knownRegions = (
				en,
				Base,
			);
			mainGroup = 768677991CE891E100467A2F;
			productRefGroup = 768677A31CE891E100467A2F /* Products */;
			projectDirPath = "";
			projectRoot = "";
			targets = (
				768677A11CE891E100467A2F /* LCBlurDemo */,
				768677BA1CE891E200467A2F /* LCBlurDemoTests */,
				768677C51CE891E200467A2F /* LCBlurDemoUITests */,
			);
		};
/* End PBXProject section */

/* Begin PBXResourcesBuildPhase section */
		768677A01CE891E100467A2F /* Resources */ = {
			isa = PBXResourcesBuildPhase;
			buildActionMask = 2147483647;
			files = (
				768677B51CE891E100467A2F /* LaunchScreen.storyboard in Resources */,
				768677B21CE891E100467A2F /* Assets.xcassets in Resources */,
				768677B01CE891E100467A2F /* Main.storyboard in Resources */,
			);
			runOnlyForDeploymentPostprocessing = 0;
		};
		768677B91CE891E200467A2F /* Resources */ = {
			isa = PBXResourcesBuildPhase;
			buildActionMask = 2147483647;
			files = (
			);
			runOnlyForDeploymentPostprocessing = 0;
		};
		768677C41CE891E200467A2F /* Resources */ = {
			isa = PBXResourcesBuildPhase;
			buildActionMask = 2147483647;
			files = (
			);
			runOnlyForDeploymentPostprocessing = 0;
		};
/* End PBXResourcesBuildPhase section */

/* Begin PBXSourcesBuildPhase section */
		7686779E1CE891E100467A2F /* Sources */ = {
			isa = PBXSourcesBuildPhase;
			buildActionMask = 2147483647;
			files = (
				768677AD1CE891E100467A2F /* ViewController.m in Sources */,
				768677AA1CE891E100467A2F /* AppDelegate.m in Sources */,
				768677DB1CE8923800467A2F /* UIView+LCBlur.m in Sources */,
				768677A71CE891E100467A2F /* main.m in Sources */,
			);
			runOnlyForDeploymentPostprocessing = 0;
		};
		768677B71CE891E200467A2F /* Sources */ = {
			isa = PBXSourcesBuildPhase;
			buildActionMask = 2147483647;
			files = (
				768677C01CE891E200467A2F /* LCBlurDemoTests.m in Sources */,
			);
			runOnlyForDeploymentPostprocessing = 0;
		};
		768677C21CE891E200467A2F /* Sources */ = {
			isa = PBXSourcesBuildPhase;
			buildActionMask = 2147483647;
			files = (
				768677CB1CE891E200467A2F /* LCBlurDemoUITests.m in Sources */,
			);
			runOnlyForDeploymentPostprocessing = 0;
		};
/* End PBXSourcesBuildPhase section */

/* Begin PBXTargetDependency section */
		768677BD1CE891E200467A2F /* PBXTargetDependency */ = {
			isa = PBXTargetDependency;
			target = 768677A11CE891E100467A2F /* LCBlurDemo */;
			targetProxy = 768677BC1CE891E200467A2F /* PBXContainerItemProxy */;
		};
		768677C81CE891E200467A2F /* PBXTargetDependency */ = {
			isa = PBXTargetDependency;
			target = 768677A11CE891E100467A2F /* LCBlurDemo */;
			targetProxy = 768677C71CE891E200467A2F /* PBXContainerItemProxy */;
		};
/* End PBXTargetDependency section */

/* Begin PBXVariantGroup section */
		768677AE1CE891E100467A2F /* Main.storyboard */ = {
			isa = PBXVariantGroup;
			children = (
				768677AF1CE891E100467A2F /* Base */,
			);
			name = Main.storyboard;
			sourceTree = "<group>";
		};
		768677B31CE891E100467A2F /* LaunchScreen.storyboard */ = {
			isa = PBXVariantGroup;
			children = (
				768677B41CE891E100467A2F /* Base */,
			);
			name = LaunchScreen.storyboard;
			sourceTree = "<group>";
		};
/* End PBXVariantGroup section */

/* Begin XCBuildConfiguration section */
		768677CD1CE891E200467A2F /* Debug */ = {
			isa = XCBuildConfiguration;
			buildSettings = {
				ALWAYS_SEARCH_USER_PATHS = NO;
				CLANG_ANALYZER_NONNULL = YES;
				CLANG_CXX_LANGUAGE_STANDARD = "gnu++0x";
				CLANG_CXX_LIBRARY = "libc++";
				CLANG_ENABLE_MODULES = YES;
				CLANG_ENABLE_OBJC_ARC = YES;
				CLANG_WARN_BOOL_CONVERSION = YES;
				CLANG_WARN_CONSTANT_CONVERSION = YES;
				CLANG_WARN_DIRECT_OBJC_ISA_USAGE = YES_ERROR;
				CLANG_WARN_EMPTY_BODY = YES;
				CLANG_WARN_ENUM_CONVERSION = YES;
				CLANG_WARN_INT_CONVERSION = YES;
				CLANG_WARN_OBJC_ROOT_CLASS = YES_ERROR;
				CLANG_WARN_UNREACHABLE_CODE = YES;
				CLANG_WARN__DUPLICATE_METHOD_MATCH = YES;
				"CODE_SIGN_IDENTITY[sdk=iphoneos*]" = "iPhone Developer";
				COPY_PHASE_STRIP = NO;
				DEBUG_INFORMATION_FORMAT = dwarf;
				ENABLE_STRICT_OBJC_MSGSEND = YES;
				ENABLE_TESTABILITY = YES;
				GCC_C_LANGUAGE_STANDARD = gnu99;
				GCC_DYNAMIC_NO_PIC = NO;
				GCC_NO_COMMON_BLOCKS = YES;
				GCC_OPTIMIZATION_LEVEL = 0;
				GCC_PREPROCESSOR_DEFINITIONS = (
					"DEBUG=1",
					"$(inherited)",
				);
				GCC_WARN_64_TO_32_BIT_CONVERSION = YES;
				GCC_WARN_ABOUT_RETURN_TYPE = YES_ERROR;
				GCC_WARN_UNDECLARED_SELECTOR = YES;
				GCC_WARN_UNINITIALIZED_AUTOS = YES_AGGRESSIVE;
				GCC_WARN_UNUSED_FUNCTION = YES;
				GCC_WARN_UNUSED_VARIABLE = YES;
				IPHONEOS_DEPLOYMENT_TARGET = 9.3;
				MTL_ENABLE_DEBUG_INFO = YES;
				ONLY_ACTIVE_ARCH = YES;
				SDKROOT = iphoneos;
				TARGETED_DEVICE_FAMILY = "1,2";
			};
			name = Debug;
		};
		768677CE1CE891E200467A2F /* Release */ = {
			isa = XCBuildConfiguration;
			buildSettings = {
				ALWAYS_SEARCH_USER_PATHS = NO;
				CLANG_ANALYZER_NONNULL = YES;
				CLANG_CXX_LANGUAGE_STANDARD = "gnu++0x";
				CLANG_CXX_LIBRARY = "libc++";
				CLANG_ENABLE_MODULES = YES;
				CLANG_ENABLE_OBJC_ARC = YES;
				CLANG_WARN_BOOL_CONVERSION = YES;
				CLANG_WARN_CONSTANT_CONVERSION = YES;
				CLANG_WARN_DIRECT_OBJC_ISA_USAGE = YES_ERROR;
				CLANG_WARN_EMPTY_BODY = YES;
				CLANG_WARN_ENUM_CONVERSION = YES;
				CLANG_WARN_INT_CONVERSION = YES;
				CLANG_WARN_OBJC_ROOT_CLASS = YES_ERROR;
				CLANG_WARN_UNREACHABLE_CODE = YES;
				CLANG_WARN__DUPLICATE_METHOD_MATCH = YES;
				"CODE_SIGN_IDENTITY[sdk=iphoneos*]" = "iPhone Developer";
				COPY_PHASE_STRIP = NO;
				DEBUG_INFORMATION_FORMAT = "dwarf-with-dsym";
				ENABLE_NS_ASSERTIONS = NO;
				ENABLE_STRICT_OBJC_MSGSEND = YES;
				GCC_C_LANGUAGE_STANDARD = gnu99;
				GCC_NO_COMMON_BLOCKS = YES;
				GCC_WARN_64_TO_32_BIT_CONVERSION = YES;
				GCC_WARN_ABOUT_RETURN_TYPE = YES_ERROR;
				GCC_WARN_UNDECLARED_SELECTOR = YES;
				GCC_WARN_UNINITIALIZED_AUTOS = YES_AGGRESSIVE;
				GCC_WARN_UNUSED_FUNCTION = YES;
				GCC_WARN_UNUSED_VARIABLE = YES;
				IPHONEOS_DEPLOYMENT_TARGET = 9.3;
				MTL_ENABLE_DEBUG_INFO = NO;
				SDKROOT = iphoneos;
				TARGETED_DEVICE_FAMILY = "1,2";
				VALIDATE_PRODUCT = YES;
			};
			name = Release;
		};
		768677D01CE891E200467A2F /* Debug */ = {
			isa = XCBuildConfiguration;
			buildSettings = {
				ASSETCATALOG_COMPILER_APPICON_NAME = AppIcon;
				INFOPLIST_FILE = LCBlurDemo/Info.plist;
				IPHONEOS_DEPLOYMENT_TARGET = 7.0;
				LD_RUNPATH_SEARCH_PATHS = "$(inherited) @executable_path/Frameworks";
				PRODUCT_BUNDLE_IDENTIFIER = me.leodev.LCBlurDemo;
				PRODUCT_NAME = "$(TARGET_NAME)";
			};
			name = Debug;
		};
		768677D11CE891E200467A2F /* Release */ = {
			isa = XCBuildConfiguration;
			buildSettings = {
				ASSETCATALOG_COMPILER_APPICON_NAME = AppIcon;
				INFOPLIST_FILE = LCBlurDemo/Info.plist;
				IPHONEOS_DEPLOYMENT_TARGET = 7.0;
				LD_RUNPATH_SEARCH_PATHS = "$(inherited) @executable_path/Frameworks";
				PRODUCT_BUNDLE_IDENTIFIER = me.leodev.LCBlurDemo;
				PRODUCT_NAME = "$(TARGET_NAME)";
			};
			name = Release;
		};
		768677D31CE891E200467A2F /* Debug */ = {
			isa = XCBuildConfiguration;
			buildSettings = {
				BUNDLE_LOADER = "$(TEST_HOST)";
				INFOPLIST_FILE = LCBlurDemoTests/Info.plist;
				LD_RUNPATH_SEARCH_PATHS = "$(inherited) @executable_path/Frameworks @loader_path/Frameworks";
				PRODUCT_BUNDLE_IDENTIFIER = me.leodev.LCBlurDemoTests;
				PRODUCT_NAME = "$(TARGET_NAME)";
				TEST_HOST = "$(BUILT_PRODUCTS_DIR)/LCBlurDemo.app/LCBlurDemo";
			};
			name = Debug;
		};
		768677D41CE891E200467A2F /* Release */ = {
			isa = XCBuildConfiguration;
			buildSettings = {
				BUNDLE_LOADER = "$(TEST_HOST)";
				INFOPLIST_FILE = LCBlurDemoTests/Info.plist;
				LD_RUNPATH_SEARCH_PATHS = "$(inherited) @executable_path/Frameworks @loader_path/Frameworks";
				PRODUCT_BUNDLE_IDENTIFIER = me.leodev.LCBlurDemoTests;
				PRODUCT_NAME = "$(TARGET_NAME)";
				TEST_HOST = "$(BUILT_PRODUCTS_DIR)/LCBlurDemo.app/LCBlurDemo";
			};
			name = Release;
		};
		768677D61CE891E200467A2F /* Debug */ = {
			isa = XCBuildConfiguration;
			buildSettings = {
				INFOPLIST_FILE = LCBlurDemoUITests/Info.plist;
				LD_RUNPATH_SEARCH_PATHS = "$(inherited) @executable_path/Frameworks @loader_path/Frameworks";
				PRODUCT_BUNDLE_IDENTIFIER = me.leodev.LCBlurDemoUITests;
				PRODUCT_NAME = "$(TARGET_NAME)";
				TEST_TARGET_NAME = LCBlurDemo;
			};
			name = Debug;
		};
		768677D71CE891E200467A2F /* Release */ = {
			isa = XCBuildConfiguration;
			buildSettings = {
				INFOPLIST_FILE = LCBlurDemoUITests/Info.plist;
				LD_RUNPATH_SEARCH_PATHS = "$(inherited) @executable_path/Frameworks @loader_path/Frameworks";
				PRODUCT_BUNDLE_IDENTIFIER = me.leodev.LCBlurDemoUITests;
				PRODUCT_NAME = "$(TARGET_NAME)";
				TEST_TARGET_NAME = LCBlurDemo;
			};
			name = Release;
		};
/* End XCBuildConfiguration section */

/* Begin XCConfigurationList section */
		7686779D1CE891E100467A2F /* Build configuration list for PBXProject "LCBlurDemo" */ = {
			isa = XCConfigurationList;
			buildConfigurations = (
				768677CD1CE891E200467A2F /* Debug */,
				768677CE1CE891E200467A2F /* Release */,
			);
			defaultConfigurationIsVisible = 0;
			defaultConfigurationName = Release;
		};
		768677CF1CE891E200467A2F /* Build configuration list for PBXNativeTarget "LCBlurDemo" */ = {
			isa = XCConfigurationList;
			buildConfigurations = (
				768677D01CE891E200467A2F /* Debug */,
				768677D11CE891E200467A2F /* Release */,
			);
			defaultConfigurationIsVisible = 0;
		};
		768677D21CE891E200467A2F /* Build configuration list for PBXNativeTarget "LCBlurDemoTests" */ = {
			isa = XCConfigurationList;
			buildConfigurations = (
				768677D31CE891E200467A2F /* Debug */,
				768677D41CE891E200467A2F /* Release */,
			);
			defaultConfigurationIsVisible = 0;
		};
		768677D51CE891E200467A2F /* Build configuration list for PBXNativeTarget "LCBlurDemoUITests" */ = {
			isa = XCConfigurationList;
			buildConfigurations = (
				768677D61CE891E200467A2F /* Debug */,
				768677D71CE891E200467A2F /* Release */,
			);
			defaultConfigurationIsVisible = 0;
		};
/* End XCConfigurationList section */
	};
	rootObject = 7686779A1CE891E100467A2F /* Project object */;
}
